Microsoft Visual Studio Solution File, Format Version 12.00
# Visual Studio 15
VisualStudioVersion = 15.0.27004.2005
MinimumVisualStudioVersion = 15.0.26124.0
Project("{2150E333-8FDC-42A3-9474-1A3956D46DE8}") = "sample", "sample", "{DEDB9497-1085-433C-9F13-46BF02D71D3B}"
EndProject
Project("{9A19103F-16F7-4668-BE54-9A1E7A4F7556}") = "ConsoleLoggingDemo", "sample\LoggingDemo\ConsoleLoggingDemo.csproj", "{3F2F1444-59E5-4788-A70C-6C05AEB99E0F}"
EndProject
Project("{2150E333-8FDC-42A3-9474-1A3956D46DE8}") = "src", "src", "{84F14C91-D01C-40B7-A94A-FCADF767DA61}"
EndProject
Project("{9A19103F-16F7-4668-BE54-9A1E7A4F7556}") = "Prism.Plugin.Logging.Common", "src\Prism.Plugin.Logging.Common\Prism.Plugin.Logging.Common.csproj", "{401A63A9-9676-47A7-A2A8-C2BB0894ABCF}"
EndProject
Project("{9A19103F-16F7-4668-BE54-9A1E7A4F7556}") = "Prism.Plugin.Logging.Graylog", "src\Prism.Plugin.Logging.Graylog\Prism.Plugin.Logging.Graylog.csproj", "{FCADC794-1180-4DD3-95CA-220C73FA88DC}"
EndProject
Project("{9A19103F-16F7-4668-BE54-9A1E7A4F7556}") = "Prism.Plugin.Logging.Loggly", "src\Prism.Plugin.Logging.Loggly\Prism.Plugin.Logging.Loggly.csproj", "{2E99BD33-3141-4BA9-8931-1FA8F94ECF69}"
EndProject
Project("{9A19103F-16F7-4668-BE54-9A1E7A4F7556}") = "Prism.Plugin.Logging.Syslog", "src\Prism.Plugin.Logging.Syslog\Prism.Plugin.Logging.Syslog.csproj", "{2A0D2E06-03AA-4568-AC2E-15B6D696AC5A}"
EndProject
Project("{9A19103F-16F7-4668-BE54-9A1E7A4F7556}") = "Prism.Plugin.Logging.AppCenter", "src\Prism.Plugin.Logging.AppCenter\Prism.Plugin.Logging.AppCenter.csproj", "{69CE9686-6547-4DB0-9853-3FD4361D408A}"
EndProject
Project("{9A19103F-16F7-4668-BE54-9A1E7A4F7556}") = "Prism.Plugin.Logging.AppInsights", "src\Prism.Plugin.Logging.AppInsights\Prism.Plugin.Logging.AppInsights.csproj", "{0650E421-9A39-4175-BA0C-5B400F2B249D}"
EndProject
Project("{2150E333-8FDC-42A3-9474-1A3956D46DE8}") = "Solution Items", "Solution Items", "{8BCA18F8-A1C6-43B4-A855-799E43819BC9}"
	ProjectSection(SolutionItems) = preProject
		Directory.build.props = Directory.build.props
		global.json = global.json
		ReadMe.md = ReadMe.md
	EndProjectSection
EndProject
Project("{9A19103F-16F7-4668-BE54-9A1E7A4F7556}") = "Prism.Plugin.Logging.Abstractions", "src\Prism.Plugin.Logging.Abstractions\Prism.Plugin.Logging.Abstractions.csproj", "{D408BEA7-1394-404F-9464-37B0635E9312}"
EndProject
Project("{FAE04EC0-301F-11D3-BF4B-00C04F79EFBC}") = "SampleApp.Android", "sample\SampleApp\SampleApp.Android\SampleApp.Android.csproj", "{EB246D78-23D2-4A7F-878B-C4B125939E41}"
EndProject
Project("{FAE04EC0-301F-11D3-BF4B-00C04F79EFBC}") = "SampleApp.iOS", "sample\SampleApp\SampleApp.iOS\SampleApp.iOS.csproj", "{412B87F7-B4BD-467E-8513-8CD0EB165864}"
EndProject
Project("{FAE04EC0-301F-11D3-BF4B-00C04F79EFBC}") = "SampleApp.UWP", "sample\SampleApp\SampleApp.UWP\SampleApp.UWP.csproj", "{41BF7872-AC94-490F-8EF2-4817D5DEC179}"
EndProject
Project("{FAE04EC0-301F-11D3-BF4B-00C04F79EFBC}") = "SampleApp", "sample\SampleApp\SampleApp\SampleApp.csproj", "{D20F1CF6-0653-48AD-BEB0-18AF86B7D3DB}"
EndProject
Global
	GlobalSection(SolutionConfigurationPlatforms) = preSolution
		Ad-Hoc|Any CPU = Ad-Hoc|Any CPU
		Ad-Hoc|ARM = Ad-Hoc|ARM
		Ad-Hoc|iPhone = Ad-Hoc|iPhone
		Ad-Hoc|iPhoneSimulator = Ad-Hoc|iPhoneSimulator
		Ad-Hoc|x64 = Ad-Hoc|x64
		Ad-Hoc|x86 = Ad-Hoc|x86
		AppStore|Any CPU = AppStore|Any CPU
		AppStore|ARM = AppStore|ARM
		AppStore|iPhone = AppStore|iPhone
		AppStore|iPhoneSimulator = AppStore|iPhoneSimulator
		AppStore|x64 = AppStore|x64
		AppStore|x86 = AppStore|x86
		Debug|Any CPU = Debug|Any CPU
		Debug|ARM = Debug|ARM
		Debug|iPhone = Debug|iPhone
		Debug|iPhoneSimulator = Debug|iPhoneSimulator
		Debug|x64 = Debug|x64
		Debug|x86 = Debug|x86
		Release|Any CPU = Release|Any CPU
		Release|ARM = Release|ARM
		Release|iPhone = Release|iPhone
		Release|iPhoneSimulator = Release|iPhoneSimulator
		Release|x64 = Release|x64
		Release|x86 = Release|x86
	EndGlobalSection
	GlobalSection(ProjectConfigurationPlatforms) = postSolution
		{3F2F1444-59E5-4788-A70C-6C05AEB99E0F}.Ad-Hoc|Any CPU.ActiveCfg = Release|Any CPU
		{3F2F1444-59E5-4788-A70C-6C05AEB99E0F}.Ad-Hoc|Any CPU.Build.0 = Release|Any CPU
		{3F2F1444-59E5-4788-A70C-6C05AEB99E0F}.Ad-Hoc|ARM.ActiveCfg = Release|Any CPU
		{3F2F1444-59E5-4788-A70C-6C05AEB99E0F}.Ad-Hoc|ARM.Build.0 = Release|Any CPU
		{3F2F1444-59E5-4788-A70C-6C05AEB99E0F}.Ad-Hoc|iPhone.ActiveCfg = Release|Any CPU
		{3F2F1444-59E5-4788-A70C-6C05AEB99E0F}.Ad-Hoc|iPhone.Build.0 = Release|Any CPU
		{3F2F1444-59E5-4788-A70C-6C05AEB99E0F}.Ad-Hoc|iPhoneSimulator.ActiveCfg = Release|Any CPU
		{3F2F1444-59E5-4788-A70C-6C05AEB99E0F}.Ad-Hoc|iPhoneSimulator.Build.0 = Release|Any CPU
		{3F2F1444-59E5-4788-A70C-6C05AEB99E0F}.Ad-Hoc|x64.ActiveCfg = Release|Any CPU
		{3F2F1444-59E5-4788-A70C-6C05AEB99E0F}.Ad-Hoc|x64.Build.0 = Release|Any CPU
		{3F2F1444-59E5-4788-A70C-6C05AEB99E0F}.Ad-Hoc|x86.ActiveCfg = Release|Any CPU
		{3F2F1444-59E5-4788-A70C-6C05AEB99E0F}.Ad-Hoc|x86.Build.0 = Release|Any CPU
		{3F2F1444-59E5-4788-A70C-6C05AEB99E0F}.AppStore|Any CPU.ActiveCfg = Release|Any CPU
		{3F2F1444-59E5-4788-A70C-6C05AEB99E0F}.AppStore|Any CPU.Build.0 = Release|Any CPU
		{3F2F1444-59E5-4788-A70C-6C05AEB99E0F}.AppStore|ARM.ActiveCfg = Release|Any CPU
		{3F2F1444-59E5-4788-A70C-6C05AEB99E0F}.AppStore|ARM.Build.0 = Release|Any CPU
		{3F2F1444-59E5-4788-A70C-6C05AEB99E0F}.AppStore|iPhone.ActiveCfg = Release|Any CPU
		{3F2F1444-59E5-4788-A70C-6C05AEB99E0F}.AppStore|iPhone.Build.0 = Release|Any CPU
		{3F2F1444-59E5-4788-A70C-6C05AEB99E0F}.AppStore|iPhoneSimulator.ActiveCfg = Release|Any CPU
		{3F2F1444-59E5-4788-A70C-6C05AEB99E0F}.AppStore|iPhoneSimulator.Build.0 = Release|Any CPU
		{3F2F1444-59E5-4788-A70C-6C05AEB99E0F}.AppStore|x64.ActiveCfg = Release|Any CPU
		{3F2F1444-59E5-4788-A70C-6C05AEB99E0F}.AppStore|x64.Build.0 = Release|Any CPU
		{3F2F1444-59E5-4788-A70C-6C05AEB99E0F}.AppStore|x86.ActiveCfg = Release|Any CPU
		{3F2F1444-59E5-4788-A70C-6C05AEB99E0F}.AppStore|x86.Build.0 = Release|Any CPU
		{3F2F1444-59E5-4788-A70C-6C05AEB99E0F}.Debug|Any CPU.ActiveCfg = Debug|Any CPU
		{3F2F1444-59E5-4788-A70C-6C05AEB99E0F}.Debug|Any CPU.Build.0 = Debug|Any CPU
		{3F2F1444-59E5-4788-A70C-6C05AEB99E0F}.Debug|ARM.ActiveCfg = Debug|Any CPU
		{3F2F1444-59E5-4788-A70C-6C05AEB99E0F}.Debug|ARM.Build.0 = Debug|Any CPU
		{3F2F1444-59E5-4788-A70C-6C05AEB99E0F}.Debug|iPhone.ActiveCfg = Debug|Any CPU
		{3F2F1444-59E5-4788-A70C-6C05AEB99E0F}.Debug|iPhone.Build.0 = Debug|Any CPU
		{3F2F1444-59E5-4788-A70C-6C05AEB99E0F}.Debug|iPhoneSimulator.ActiveCfg = Debug|Any CPU
		{3F2F1444-59E5-4788-A70C-6C05AEB99E0F}.Debug|iPhoneSimulator.Build.0 = Debug|Any CPU
		{3F2F1444-59E5-4788-A70C-6C05AEB99E0F}.Debug|x64.ActiveCfg = Debug|Any CPU
		{3F2F1444-59E5-4788-A70C-6C05AEB99E0F}.Debug|x64.Build.0 = Debug|Any CPU
		{3F2F1444-59E5-4788-A70C-6C05AEB99E0F}.Debug|x86.ActiveCfg = Debug|Any CPU
		{3F2F1444-59E5-4788-A70C-6C05AEB99E0F}.Debug|x86.Build.0 = Debug|Any CPU
		{3F2F1444-59E5-4788-A70C-6C05AEB99E0F}.Release|Any CPU.ActiveCfg = Release|Any CPU
		{3F2F1444-59E5-4788-A70C-6C05AEB99E0F}.Release|Any CPU.Build.0 = Release|Any CPU
		{3F2F1444-59E5-4788-A70C-6C05AEB99E0F}.Release|ARM.ActiveCfg = Release|Any CPU
		{3F2F1444-59E5-4788-A70C-6C05AEB99E0F}.Release|ARM.Build.0 = Release|Any CPU
		{3F2F1444-59E5-4788-A70C-6C05AEB99E0F}.Release|iPhone.ActiveCfg = Release|Any CPU
		{3F2F1444-59E5-4788-A70C-6C05AEB99E0F}.Release|iPhone.Build.0 = Release|Any CPU
		{3F2F1444-59E5-4788-A70C-6C05AEB99E0F}.Release|iPhoneSimulator.ActiveCfg = Release|Any CPU
		{3F2F1444-59E5-4788-A70C-6C05AEB99E0F}.Release|iPhoneSimulator.Build.0 = Release|Any CPU
		{3F2F1444-59E5-4788-A70C-6C05AEB99E0F}.Release|x64.ActiveCfg = Release|Any CPU
		{3F2F1444-59E5-4788-A70C-6C05AEB99E0F}.Release|x64.Build.0 = Release|Any CPU
		{3F2F1444-59E5-4788-A70C-6C05AEB99E0F}.Release|x86.ActiveCfg = Release|Any CPU
		{3F2F1444-59E5-4788-A70C-6C05AEB99E0F}.Release|x86.Build.0 = Release|Any CPU
		{401A63A9-9676-47A7-A2A8-C2BB0894ABCF}.Ad-Hoc|Any CPU.ActiveCfg = Release|Any CPU
		{401A63A9-9676-47A7-A2A8-C2BB0894ABCF}.Ad-Hoc|Any CPU.Build.0 = Release|Any CPU
		{401A63A9-9676-47A7-A2A8-C2BB0894ABCF}.Ad-Hoc|ARM.ActiveCfg = Release|Any CPU
		{401A63A9-9676-47A7-A2A8-C2BB0894ABCF}.Ad-Hoc|ARM.Build.0 = Release|Any CPU
		{401A63A9-9676-47A7-A2A8-C2BB0894ABCF}.Ad-Hoc|iPhone.ActiveCfg = Release|Any CPU
		{401A63A9-9676-47A7-A2A8-C2BB0894ABCF}.Ad-Hoc|iPhone.Build.0 = Release|Any CPU
		{401A63A9-9676-47A7-A2A8-C2BB0894ABCF}.Ad-Hoc|iPhoneSimulator.ActiveCfg = Release|Any CPU
		{401A63A9-9676-47A7-A2A8-C2BB0894ABCF}.Ad-Hoc|iPhoneSimulator.Build.0 = Release|Any CPU
		{401A63A9-9676-47A7-A2A8-C2BB0894ABCF}.Ad-Hoc|x64.ActiveCfg = Release|Any CPU
		{401A63A9-9676-47A7-A2A8-C2BB0894ABCF}.Ad-Hoc|x64.Build.0 = Release|Any CPU
		{401A63A9-9676-47A7-A2A8-C2BB0894ABCF}.Ad-Hoc|x86.ActiveCfg = Release|Any CPU
		{401A63A9-9676-47A7-A2A8-C2BB0894ABCF}.Ad-Hoc|x86.Build.0 = Release|Any CPU
		{401A63A9-9676-47A7-A2A8-C2BB0894ABCF}.AppStore|Any CPU.ActiveCfg = Release|Any CPU
		{401A63A9-9676-47A7-A2A8-C2BB0894ABCF}.AppStore|Any CPU.Build.0 = Release|Any CPU
		{401A63A9-9676-47A7-A2A8-C2BB0894ABCF}.AppStore|ARM.ActiveCfg = Release|Any CPU
		{401A63A9-9676-47A7-A2A8-C2BB0894ABCF}.AppStore|ARM.Build.0 = Release|Any CPU
		{401A63A9-9676-47A7-A2A8-C2BB0894ABCF}.AppStore|iPhone.ActiveCfg = Release|Any CPU
		{401A63A9-9676-47A7-A2A8-C2BB0894ABCF}.AppStore|iPhone.Build.0 = Release|Any CPU
		{401A63A9-9676-47A7-A2A8-C2BB0894ABCF}.AppStore|iPhoneSimulator.ActiveCfg = Release|Any CPU
		{401A63A9-9676-47A7-A2A8-C2BB0894ABCF}.AppStore|iPhoneSimulator.Build.0 = Release|Any CPU
		{401A63A9-9676-47A7-A2A8-C2BB0894ABCF}.AppStore|x64.ActiveCfg = Release|Any CPU
		{401A63A9-9676-47A7-A2A8-C2BB0894ABCF}.AppStore|x64.Build.0 = Release|Any CPU
		{401A63A9-9676-47A7-A2A8-C2BB0894ABCF}.AppStore|x86.ActiveCfg = Release|Any CPU
		{401A63A9-9676-47A7-A2A8-C2BB0894ABCF}.AppStore|x86.Build.0 = Release|Any CPU
		{401A63A9-9676-47A7-A2A8-C2BB0894ABCF}.Debug|Any CPU.ActiveCfg = Debug|Any CPU
		{401A63A9-9676-47A7-A2A8-C2BB0894ABCF}.Debug|Any CPU.Build.0 = Debug|Any CPU
		{401A63A9-9676-47A7-A2A8-C2BB0894ABCF}.Debug|ARM.ActiveCfg = Debug|Any CPU
		{401A63A9-9676-47A7-A2A8-C2BB0894ABCF}.Debug|ARM.Build.0 = Debug|Any CPU
		{401A63A9-9676-47A7-A2A8-C2BB0894ABCF}.Debug|iPhone.ActiveCfg = Debug|Any CPU
		{401A63A9-9676-47A7-A2A8-C2BB0894ABCF}.Debug|iPhone.Build.0 = Debug|Any CPU
		{401A63A9-9676-47A7-A2A8-C2BB0894ABCF}.Debug|iPhoneSimulator.ActiveCfg = Debug|Any CPU
		{401A63A9-9676-47A7-A2A8-C2BB0894ABCF}.Debug|iPhoneSimulator.Build.0 = Debug|Any CPU
		{401A63A9-9676-47A7-A2A8-C2BB0894ABCF}.Debug|x64.ActiveCfg = Debug|Any CPU
		{401A63A9-9676-47A7-A2A8-C2BB0894ABCF}.Debug|x64.Build.0 = Debug|Any CPU
		{401A63A9-9676-47A7-A2A8-C2BB0894ABCF}.Debug|x86.ActiveCfg = Debug|Any CPU
		{401A63A9-9676-47A7-A2A8-C2BB0894ABCF}.Debug|x86.Build.0 = Debug|Any CPU
		{401A63A9-9676-47A7-A2A8-C2BB0894ABCF}.Release|Any CPU.ActiveCfg = Release|Any CPU
		{401A63A9-9676-47A7-A2A8-C2BB0894ABCF}.Release|Any CPU.Build.0 = Release|Any CPU
		{401A63A9-9676-47A7-A2A8-C2BB0894ABCF}.Release|ARM.ActiveCfg = Release|Any CPU
		{401A63A9-9676-47A7-A2A8-C2BB0894ABCF}.Release|ARM.Build.0 = Release|Any CPU
		{401A63A9-9676-47A7-A2A8-C2BB0894ABCF}.Release|iPhone.ActiveCfg = Release|Any CPU
		{401A63A9-9676-47A7-A2A8-C2BB0894ABCF}.Release|iPhone.Build.0 = Release|Any CPU
		{401A63A9-9676-47A7-A2A8-C2BB0894ABCF}.Release|iPhoneSimulator.ActiveCfg = Release|Any CPU
		{401A63A9-9676-47A7-A2A8-C2BB0894ABCF}.Release|iPhoneSimulator.Build.0 = Release|Any CPU
		{401A63A9-9676-47A7-A2A8-C2BB0894ABCF}.Release|x64.ActiveCfg = Release|Any CPU
		{401A63A9-9676-47A7-A2A8-C2BB0894ABCF}.Release|x64.Build.0 = Release|Any CPU
		{401A63A9-9676-47A7-A2A8-C2BB0894ABCF}.Release|x86.ActiveCfg = Release|Any CPU
		{401A63A9-9676-47A7-A2A8-C2BB0894ABCF}.Release|x86.Build.0 = Release|Any CPU
		{FCADC794-1180-4DD3-95CA-220C73FA88DC}.Ad-Hoc|Any CPU.ActiveCfg = Release|Any CPU
		{FCADC794-1180-4DD3-95CA-220C73FA88DC}.Ad-Hoc|Any CPU.Build.0 = Release|Any CPU
		{FCADC794-1180-4DD3-95CA-220C73FA88DC}.Ad-Hoc|ARM.ActiveCfg = Release|Any CPU
		{FCADC794-1180-4DD3-95CA-220C73FA88DC}.Ad-Hoc|ARM.Build.0 = Release|Any CPU
		{FCADC794-1180-4DD3-95CA-220C73FA88DC}.Ad-Hoc|iPhone.ActiveCfg = Release|Any CPU
		{FCADC794-1180-4DD3-95CA-220C73FA88DC}.Ad-Hoc|iPhone.Build.0 = Release|Any CPU
		{FCADC794-1180-4DD3-95CA-220C73FA88DC}.Ad-Hoc|iPhoneSimulator.ActiveCfg = Release|Any CPU
		{FCADC794-1180-4DD3-95CA-220C73FA88DC}.Ad-Hoc|iPhoneSimulator.Build.0 = Release|Any CPU
		{FCADC794-1180-4DD3-95CA-220C73FA88DC}.Ad-Hoc|x64.ActiveCfg = Release|Any CPU
		{FCADC794-1180-4DD3-95CA-220C73FA88DC}.Ad-Hoc|x64.Build.0 = Release|Any CPU
		{FCADC794-1180-4DD3-95CA-220C73FA88DC}.Ad-Hoc|x86.ActiveCfg = Release|Any CPU
		{FCADC794-1180-4DD3-95CA-220C73FA88DC}.Ad-Hoc|x86.Build.0 = Release|Any CPU
		{FCADC794-1180-4DD3-95CA-220C73FA88DC}.AppStore|Any CPU.ActiveCfg = Release|Any CPU
		{FCADC794-1180-4DD3-95CA-220C73FA88DC}.AppStore|Any CPU.Build.0 = Release|Any CPU
		{FCADC794-1180-4DD3-95CA-220C73FA88DC}.AppStore|ARM.ActiveCfg = Release|Any CPU
		{FCADC794-1180-4DD3-95CA-220C73FA88DC}.AppStore|ARM.Build.0 = Release|Any CPU
		{FCADC794-1180-4DD3-95CA-220C73FA88DC}.AppStore|iPhone.ActiveCfg = Release|Any CPU
		{FCADC794-1180-4DD3-95CA-220C73FA88DC}.AppStore|iPhone.Build.0 = Release|Any CPU
		{FCADC794-1180-4DD3-95CA-220C73FA88DC}.AppStore|iPhoneSimulator.ActiveCfg = Release|Any CPU
		{FCADC794-1180-4DD3-95CA-220C73FA88DC}.AppStore|iPhoneSimulator.Build.0 = Release|Any CPU
		{FCADC794-1180-4DD3-95CA-220C73FA88DC}.AppStore|x64.ActiveCfg = Release|Any CPU
		{FCADC794-1180-4DD3-95CA-220C73FA88DC}.AppStore|x64.Build.0 = Release|Any CPU
		{FCADC794-1180-4DD3-95CA-220C73FA88DC}.AppStore|x86.ActiveCfg = Release|Any CPU
		{FCADC794-1180-4DD3-95CA-220C73FA88DC}.AppStore|x86.Build.0 = Release|Any CPU
		{FCADC794-1180-4DD3-95CA-220C73FA88DC}.Debug|Any CPU.ActiveCfg = Debug|Any CPU
		{FCADC794-1180-4DD3-95CA-220C73FA88DC}.Debug|Any CPU.Build.0 = Debug|Any CPU
		{FCADC794-1180-4DD3-95CA-220C73FA88DC}.Debug|ARM.ActiveCfg = Debug|Any CPU
		{FCADC794-1180-4DD3-95CA-220C73FA88DC}.Debug|ARM.Build.0 = Debug|Any CPU
		{FCADC794-1180-4DD3-95CA-220C73FA88DC}.Debug|iPhone.ActiveCfg = Debug|Any CPU
		{FCADC794-1180-4DD3-95CA-220C73FA88DC}.Debug|iPhone.Build.0 = Debug|Any CPU
		{FCADC794-1180-4DD3-95CA-220C73FA88DC}.Debug|iPhoneSimulator.ActiveCfg = Debug|Any CPU
		{FCADC794-1180-4DD3-95CA-220C73FA88DC}.Debug|iPhoneSimulator.Build.0 = Debug|Any CPU
		{FCADC794-1180-4DD3-95CA-220C73FA88DC}.Debug|x64.ActiveCfg = Debug|Any CPU
		{FCADC794-1180-4DD3-95CA-220C73FA88DC}.Debug|x64.Build.0 = Debug|Any CPU
		{FCADC794-1180-4DD3-95CA-220C73FA88DC}.Debug|x86.ActiveCfg = Debug|Any CPU
		{FCADC794-1180-4DD3-95CA-220C73FA88DC}.Debug|x86.Build.0 = Debug|Any CPU
		{FCADC794-1180-4DD3-95CA-220C73FA88DC}.Release|Any CPU.ActiveCfg = Release|Any CPU
		{FCADC794-1180-4DD3-95CA-220C73FA88DC}.Release|Any CPU.Build.0 = Release|Any CPU
		{FCADC794-1180-4DD3-95CA-220C73FA88DC}.Release|ARM.ActiveCfg = Release|Any CPU
		{FCADC794-1180-4DD3-95CA-220C73FA88DC}.Release|ARM.Build.0 = Release|Any CPU
		{FCADC794-1180-4DD3-95CA-220C73FA88DC}.Release|iPhone.ActiveCfg = Release|Any CPU
		{FCADC794-1180-4DD3-95CA-220C73FA88DC}.Release|iPhone.Build.0 = Release|Any CPU
		{FCADC794-1180-4DD3-95CA-220C73FA88DC}.Release|iPhoneSimulator.ActiveCfg = Release|Any CPU
		{FCADC794-1180-4DD3-95CA-220C73FA88DC}.Release|iPhoneSimulator.Build.0 = Release|Any CPU
		{FCADC794-1180-4DD3-95CA-220C73FA88DC}.Release|x64.ActiveCfg = Release|Any CPU
		{FCADC794-1180-4DD3-95CA-220C73FA88DC}.Release|x64.Build.0 = Release|Any CPU
		{FCADC794-1180-4DD3-95CA-220C73FA88DC}.Release|x86.ActiveCfg = Release|Any CPU
		{FCADC794-1180-4DD3-95CA-220C73FA88DC}.Release|x86.Build.0 = Release|Any CPU
		{2E99BD33-3141-4BA9-8931-1FA8F94ECF69}.Ad-Hoc|Any CPU.ActiveCfg = Release|Any CPU
		{2E99BD33-3141-4BA9-8931-1FA8F94ECF69}.Ad-Hoc|Any CPU.Build.0 = Release|Any CPU
		{2E99BD33-3141-4BA9-8931-1FA8F94ECF69}.Ad-Hoc|ARM.ActiveCfg = Release|Any CPU
		{2E99BD33-3141-4BA9-8931-1FA8F94ECF69}.Ad-Hoc|ARM.Build.0 = Release|Any CPU
		{2E99BD33-3141-4BA9-8931-1FA8F94ECF69}.Ad-Hoc|iPhone.ActiveCfg = Release|Any CPU
		{2E99BD33-3141-4BA9-8931-1FA8F94ECF69}.Ad-Hoc|iPhone.Build.0 = Release|Any CPU
		{2E99BD33-3141-4BA9-8931-1FA8F94ECF69}.Ad-Hoc|iPhoneSimulator.ActiveCfg = Release|Any CPU
		{2E99BD33-3141-4BA9-8931-1FA8F94ECF69}.Ad-Hoc|iPhoneSimulator.Build.0 = Release|Any CPU
		{2E99BD33-3141-4BA9-8931-1FA8F94ECF69}.Ad-Hoc|x64.ActiveCfg = Release|Any CPU
		{2E99BD33-3141-4BA9-8931-1FA8F94ECF69}.Ad-Hoc|x64.Build.0 = Release|Any CPU
		{2E99BD33-3141-4BA9-8931-1FA8F94ECF69}.Ad-Hoc|x86.ActiveCfg = Release|Any CPU
		{2E99BD33-3141-4BA9-8931-1FA8F94ECF69}.Ad-Hoc|x86.Build.0 = Release|Any CPU
		{2E99BD33-3141-4BA9-8931-1FA8F94ECF69}.AppStore|Any CPU.ActiveCfg = Release|Any CPU
		{2E99BD33-3141-4BA9-8931-1FA8F94ECF69}.AppStore|Any CPU.Build.0 = Release|Any CPU
		{2E99BD33-3141-4BA9-8931-1FA8F94ECF69}.AppStore|ARM.ActiveCfg = Release|Any CPU
		{2E99BD33-3141-4BA9-8931-1FA8F94ECF69}.AppStore|ARM.Build.0 = Release|Any CPU
		{2E99BD33-3141-4BA9-8931-1FA8F94ECF69}.AppStore|iPhone.ActiveCfg = Release|Any CPU
		{2E99BD33-3141-4BA9-8931-1FA8F94ECF69}.AppStore|iPhone.Build.0 = Release|Any CPU
		{2E99BD33-3141-4BA9-8931-1FA8F94ECF69}.AppStore|iPhoneSimulator.ActiveCfg = Release|Any CPU
		{2E99BD33-3141-4BA9-8931-1FA8F94ECF69}.AppStore|iPhoneSimulator.Build.0 = Release|Any CPU
		{2E99BD33-3141-4BA9-8931-1FA8F94ECF69}.AppStore|x64.ActiveCfg = Release|Any CPU
		{2E99BD33-3141-4BA9-8931-1FA8F94ECF69}.AppStore|x64.Build.0 = Release|Any CPU
		{2E99BD33-3141-4BA9-8931-1FA8F94ECF69}.AppStore|x86.ActiveCfg = Release|Any CPU
		{2E99BD33-3141-4BA9-8931-1FA8F94ECF69}.AppStore|x86.Build.0 = Release|Any CPU
		{2E99BD33-3141-4BA9-8931-1FA8F94ECF69}.Debug|Any CPU.ActiveCfg = Debug|Any CPU
		{2E99BD33-3141-4BA9-8931-1FA8F94ECF69}.Debug|Any CPU.Build.0 = Debug|Any CPU
		{2E99BD33-3141-4BA9-8931-1FA8F94ECF69}.Debug|ARM.ActiveCfg = Debug|Any CPU
		{2E99BD33-3141-4BA9-8931-1FA8F94ECF69}.Debug|ARM.Build.0 = Debug|Any CPU
		{2E99BD33-3141-4BA9-8931-1FA8F94ECF69}.Debug|iPhone.ActiveCfg = Debug|Any CPU
		{2E99BD33-3141-4BA9-8931-1FA8F94ECF69}.Debug|iPhone.Build.0 = Debug|Any CPU
		{2E99BD33-3141-4BA9-8931-1FA8F94ECF69}.Debug|iPhoneSimulator.ActiveCfg = Debug|Any CPU
		{2E99BD33-3141-4BA9-8931-1FA8F94ECF69}.Debug|iPhoneSimulator.Build.0 = Debug|Any CPU
		{2E99BD33-3141-4BA9-8931-1FA8F94ECF69}.Debug|x64.ActiveCfg = Debug|Any CPU
		{2E99BD33-3141-4BA9-8931-1FA8F94ECF69}.Debug|x64.Build.0 = Debug|Any CPU
		{2E99BD33-3141-4BA9-8931-1FA8F94ECF69}.Debug|x86.ActiveCfg = Debug|Any CPU
		{2E99BD33-3141-4BA9-8931-1FA8F94ECF69}.Debug|x86.Build.0 = Debug|Any CPU
		{2E99BD33-3141-4BA9-8931-1FA8F94ECF69}.Release|Any CPU.ActiveCfg = Release|Any CPU
		{2E99BD33-3141-4BA9-8931-1FA8F94ECF69}.Release|Any CPU.Build.0 = Release|Any CPU
		{2E99BD33-3141-4BA9-8931-1FA8F94ECF69}.Release|ARM.ActiveCfg = Release|Any CPU
		{2E99BD33-3141-4BA9-8931-1FA8F94ECF69}.Release|ARM.Build.0 = Release|Any CPU
		{2E99BD33-3141-4BA9-8931-1FA8F94ECF69}.Release|iPhone.ActiveCfg = Release|Any CPU
		{2E99BD33-3141-4BA9-8931-1FA8F94ECF69}.Release|iPhone.Build.0 = Release|Any CPU
		{2E99BD33-3141-4BA9-8931-1FA8F94ECF69}.Release|iPhoneSimulator.ActiveCfg = Release|Any CPU
		{2E99BD33-3141-4BA9-8931-1FA8F94ECF69}.Release|iPhoneSimulator.Build.0 = Release|Any CPU
		{2E99BD33-3141-4BA9-8931-1FA8F94ECF69}.Release|x64.ActiveCfg = Release|Any CPU
		{2E99BD33-3141-4BA9-8931-1FA8F94ECF69}.Release|x64.Build.0 = Release|Any CPU
		{2E99BD33-3141-4BA9-8931-1FA8F94ECF69}.Release|x86.ActiveCfg = Release|Any CPU
		{2E99BD33-3141-4BA9-8931-1FA8F94ECF69}.Release|x86.Build.0 = Release|Any CPU
		{2A0D2E06-03AA-4568-AC2E-15B6D696AC5A}.Ad-Hoc|Any CPU.ActiveCfg = Release|Any CPU
		{2A0D2E06-03AA-4568-AC2E-15B6D696AC5A}.Ad-Hoc|Any CPU.Build.0 = Release|Any CPU
		{2A0D2E06-03AA-4568-AC2E-15B6D696AC5A}.Ad-Hoc|ARM.ActiveCfg = Release|Any CPU
		{2A0D2E06-03AA-4568-AC2E-15B6D696AC5A}.Ad-Hoc|ARM.Build.0 = Release|Any CPU
		{2A0D2E06-03AA-4568-AC2E-15B6D696AC5A}.Ad-Hoc|iPhone.ActiveCfg = Release|Any CPU
		{2A0D2E06-03AA-4568-AC2E-15B6D696AC5A}.Ad-Hoc|iPhone.Build.0 = Release|Any CPU
		{2A0D2E06-03AA-4568-AC2E-15B6D696AC5A}.Ad-Hoc|iPhoneSimulator.ActiveCfg = Release|Any CPU
		{2A0D2E06-03AA-4568-AC2E-15B6D696AC5A}.Ad-Hoc|iPhoneSimulator.Build.0 = Release|Any CPU
		{2A0D2E06-03AA-4568-AC2E-15B6D696AC5A}.Ad-Hoc|x64.ActiveCfg = Release|Any CPU
		{2A0D2E06-03AA-4568-AC2E-15B6D696AC5A}.Ad-Hoc|x64.Build.0 = Release|Any CPU
		{2A0D2E06-03AA-4568-AC2E-15B6D696AC5A}.Ad-Hoc|x86.ActiveCfg = Release|Any CPU
		{2A0D2E06-03AA-4568-AC2E-15B6D696AC5A}.Ad-Hoc|x86.Build.0 = Release|Any CPU
		{2A0D2E06-03AA-4568-AC2E-15B6D696AC5A}.AppStore|Any CPU.ActiveCfg = Release|Any CPU
		{2A0D2E06-03AA-4568-AC2E-15B6D696AC5A}.AppStore|Any CPU.Build.0 = Release|Any CPU
		{2A0D2E06-03AA-4568-AC2E-15B6D696AC5A}.AppStore|ARM.ActiveCfg = Release|Any CPU
		{2A0D2E06-03AA-4568-AC2E-15B6D696AC5A}.AppStore|ARM.Build.0 = Release|Any CPU
		{2A0D2E06-03AA-4568-AC2E-15B6D696AC5A}.AppStore|iPhone.ActiveCfg = Release|Any CPU
		{2A0D2E06-03AA-4568-AC2E-15B6D696AC5A}.AppStore|iPhone.Build.0 = Release|Any CPU
		{2A0D2E06-03AA-4568-AC2E-15B6D696AC5A}.AppStore|iPhoneSimulator.ActiveCfg = Release|Any CPU
		{2A0D2E06-03AA-4568-AC2E-15B6D696AC5A}.AppStore|iPhoneSimulator.Build.0 = Release|Any CPU
		{2A0D2E06-03AA-4568-AC2E-15B6D696AC5A}.AppStore|x64.ActiveCfg = Release|Any CPU
		{2A0D2E06-03AA-4568-AC2E-15B6D696AC5A}.AppStore|x64.Build.0 = Release|Any CPU
		{2A0D2E06-03AA-4568-AC2E-15B6D696AC5A}.AppStore|x86.ActiveCfg = Release|Any CPU
		{2A0D2E06-03AA-4568-AC2E-15B6D696AC5A}.AppStore|x86.Build.0 = Release|Any CPU
		{2A0D2E06-03AA-4568-AC2E-15B6D696AC5A}.Debug|Any CPU.ActiveCfg = Debug|Any CPU
		{2A0D2E06-03AA-4568-AC2E-15B6D696AC5A}.Debug|Any CPU.Build.0 = Debug|Any CPU
		{2A0D2E06-03AA-4568-AC2E-15B6D696AC5A}.Debug|ARM.ActiveCfg = Debug|Any CPU
		{2A0D2E06-03AA-4568-AC2E-15B6D696AC5A}.Debug|ARM.Build.0 = Debug|Any CPU
		{2A0D2E06-03AA-4568-AC2E-15B6D696AC5A}.Debug|iPhone.ActiveCfg = Debug|Any CPU
		{2A0D2E06-03AA-4568-AC2E-15B6D696AC5A}.Debug|iPhone.Build.0 = Debug|Any CPU
		{2A0D2E06-03AA-4568-AC2E-15B6D696AC5A}.Debug|iPhoneSimulator.ActiveCfg = Debug|Any CPU
		{2A0D2E06-03AA-4568-AC2E-15B6D696AC5A}.Debug|iPhoneSimulator.Build.0 = Debug|Any CPU
		{2A0D2E06-03AA-4568-AC2E-15B6D696AC5A}.Debug|x64.ActiveCfg = Debug|Any CPU
		{2A0D2E06-03AA-4568-AC2E-15B6D696AC5A}.Debug|x64.Build.0 = Debug|Any CPU
		{2A0D2E06-03AA-4568-AC2E-15B6D696AC5A}.Debug|x86.ActiveCfg = Debug|Any CPU
		{2A0D2E06-03AA-4568-AC2E-15B6D696AC5A}.Debug|x86.Build.0 = Debug|Any CPU
		{2A0D2E06-03AA-4568-AC2E-15B6D696AC5A}.Release|Any CPU.ActiveCfg = Release|Any CPU
		{2A0D2E06-03AA-4568-AC2E-15B6D696AC5A}.Release|Any CPU.Build.0 = Release|Any CPU
		{2A0D2E06-03AA-4568-AC2E-15B6D696AC5A}.Release|ARM.ActiveCfg = Release|Any CPU
		{2A0D2E06-03AA-4568-AC2E-15B6D696AC5A}.Release|ARM.Build.0 = Release|Any CPU
		{2A0D2E06-03AA-4568-AC2E-15B6D696AC5A}.Release|iPhone.ActiveCfg = Release|Any CPU
		{2A0D2E06-03AA-4568-AC2E-15B6D696AC5A}.Release|iPhone.Build.0 = Release|Any CPU
		{2A0D2E06-03AA-4568-AC2E-15B6D696AC5A}.Release|iPhoneSimulator.ActiveCfg = Release|Any CPU
		{2A0D2E06-03AA-4568-AC2E-15B6D696AC5A}.Release|iPhoneSimulator.Build.0 = Release|Any CPU
		{2A0D2E06-03AA-4568-AC2E-15B6D696AC5A}.Release|x64.ActiveCfg = Release|Any CPU
		{2A0D2E06-03AA-4568-AC2E-15B6D696AC5A}.Release|x64.Build.0 = Release|Any CPU
		{2A0D2E06-03AA-4568-AC2E-15B6D696AC5A}.Release|x86.ActiveCfg = Release|Any CPU
		{2A0D2E06-03AA-4568-AC2E-15B6D696AC5A}.Release|x86.Build.0 = Release|Any CPU
		{69CE9686-6547-4DB0-9853-3FD4361D408A}.Ad-Hoc|Any CPU.ActiveCfg = Release|Any CPU
		{69CE9686-6547-4DB0-9853-3FD4361D408A}.Ad-Hoc|Any CPU.Build.0 = Release|Any CPU
		{69CE9686-6547-4DB0-9853-3FD4361D408A}.Ad-Hoc|ARM.ActiveCfg = Release|Any CPU
		{69CE9686-6547-4DB0-9853-3FD4361D408A}.Ad-Hoc|ARM.Build.0 = Release|Any CPU
		{69CE9686-6547-4DB0-9853-3FD4361D408A}.Ad-Hoc|iPhone.ActiveCfg = Release|Any CPU
		{69CE9686-6547-4DB0-9853-3FD4361D408A}.Ad-Hoc|iPhone.Build.0 = Release|Any CPU
		{69CE9686-6547-4DB0-9853-3FD4361D408A}.Ad-Hoc|iPhoneSimulator.ActiveCfg = Release|Any CPU
		{69CE9686-6547-4DB0-9853-3FD4361D408A}.Ad-Hoc|iPhoneSimulator.Build.0 = Release|Any CPU
		{69CE9686-6547-4DB0-9853-3FD4361D408A}.Ad-Hoc|x64.ActiveCfg = Release|Any CPU
		{69CE9686-6547-4DB0-9853-3FD4361D408A}.Ad-Hoc|x64.Build.0 = Release|Any CPU
		{69CE9686-6547-4DB0-9853-3FD4361D408A}.Ad-Hoc|x86.ActiveCfg = Release|Any CPU
		{69CE9686-6547-4DB0-9853-3FD4361D408A}.Ad-Hoc|x86.Build.0 = Release|Any CPU
		{69CE9686-6547-4DB0-9853-3FD4361D408A}.AppStore|Any CPU.ActiveCfg = Release|Any CPU
		{69CE9686-6547-4DB0-9853-3FD4361D408A}.AppStore|Any CPU.Build.0 = Release|Any CPU
		{69CE9686-6547-4DB0-9853-3FD4361D408A}.AppStore|ARM.ActiveCfg = Release|Any CPU
		{69CE9686-6547-4DB0-9853-3FD4361D408A}.AppStore|ARM.Build.0 = Release|Any CPU
		{69CE9686-6547-4DB0-9853-3FD4361D408A}.AppStore|iPhone.ActiveCfg = Release|Any CPU
		{69CE9686-6547-4DB0-9853-3FD4361D408A}.AppStore|iPhone.Build.0 = Release|Any CPU
		{69CE9686-6547-4DB0-9853-3FD4361D408A}.AppStore|iPhoneSimulator.ActiveCfg = Release|Any CPU
		{69CE9686-6547-4DB0-9853-3FD4361D408A}.AppStore|iPhoneSimulator.Build.0 = Release|Any CPU
		{69CE9686-6547-4DB0-9853-3FD4361D408A}.AppStore|x64.ActiveCfg = Release|Any CPU
		{69CE9686-6547-4DB0-9853-3FD4361D408A}.AppStore|x64.Build.0 = Release|Any CPU
		{69CE9686-6547-4DB0-9853-3FD4361D408A}.AppStore|x86.ActiveCfg = Release|Any CPU
		{69CE9686-6547-4DB0-9853-3FD4361D408A}.AppStore|x86.Build.0 = Release|Any CPU
		{69CE9686-6547-4DB0-9853-3FD4361D408A}.Debug|Any CPU.ActiveCfg = Debug|Any CPU
		{69CE9686-6547-4DB0-9853-3FD4361D408A}.Debug|Any CPU.Build.0 = Debug|Any CPU
		{69CE9686-6547-4DB0-9853-3FD4361D408A}.Debug|ARM.ActiveCfg = Debug|Any CPU
		{69CE9686-6547-4DB0-9853-3FD4361D408A}.Debug|ARM.Build.0 = Debug|Any CPU
		{69CE9686-6547-4DB0-9853-3FD4361D408A}.Debug|iPhone.ActiveCfg = Debug|Any CPU
		{69CE9686-6547-4DB0-9853-3FD4361D408A}.Debug|iPhone.Build.0 = Debug|Any CPU
		{69CE9686-6547-4DB0-9853-3FD4361D408A}.Debug|iPhoneSimulator.ActiveCfg = Debug|Any CPU
		{69CE9686-6547-4DB0-9853-3FD4361D408A}.Debug|iPhoneSimulator.Build.0 = Debug|Any CPU
		{69CE9686-6547-4DB0-9853-3FD4361D408A}.Debug|x64.ActiveCfg = Debug|Any CPU
		{69CE9686-6547-4DB0-9853-3FD4361D408A}.Debug|x64.Build.0 = Debug|Any CPU
		{69CE9686-6547-4DB0-9853-3FD4361D408A}.Debug|x86.ActiveCfg = Debug|Any CPU
		{69CE9686-6547-4DB0-9853-3FD4361D408A}.Debug|x86.Build.0 = Debug|Any CPU
		{69CE9686-6547-4DB0-9853-3FD4361D408A}.Release|Any CPU.ActiveCfg = Release|Any CPU
		{69CE9686-6547-4DB0-9853-3FD4361D408A}.Release|Any CPU.Build.0 = Release|Any CPU
		{69CE9686-6547-4DB0-9853-3FD4361D408A}.Release|ARM.ActiveCfg = Release|Any CPU
		{69CE9686-6547-4DB0-9853-3FD4361D408A}.Release|ARM.Build.0 = Release|Any CPU
		{69CE9686-6547-4DB0-9853-3FD4361D408A}.Release|iPhone.ActiveCfg = Release|Any CPU
		{69CE9686-6547-4DB0-9853-3FD4361D408A}.Release|iPhone.Build.0 = Release|Any CPU
		{69CE9686-6547-4DB0-9853-3FD4361D408A}.Release|iPhoneSimulator.ActiveCfg = Release|Any CPU
		{69CE9686-6547-4DB0-9853-3FD4361D408A}.Release|iPhoneSimulator.Build.0 = Release|Any CPU
		{69CE9686-6547-4DB0-9853-3FD4361D408A}.Release|x64.ActiveCfg = Release|Any CPU
		{69CE9686-6547-4DB0-9853-3FD4361D408A}.Release|x64.Build.0 = Release|Any CPU
		{69CE9686-6547-4DB0-9853-3FD4361D408A}.Release|x86.ActiveCfg = Release|Any CPU
		{69CE9686-6547-4DB0-9853-3FD4361D408A}.Release|x86.Build.0 = Release|Any CPU
		{0650E421-9A39-4175-BA0C-5B400F2B249D}.Ad-Hoc|Any CPU.ActiveCfg = Release|Any CPU
		{0650E421-9A39-4175-BA0C-5B400F2B249D}.Ad-Hoc|Any CPU.Build.0 = Release|Any CPU
		{0650E421-9A39-4175-BA0C-5B400F2B249D}.Ad-Hoc|ARM.ActiveCfg = Release|Any CPU
		{0650E421-9A39-4175-BA0C-5B400F2B249D}.Ad-Hoc|ARM.Build.0 = Release|Any CPU
		{0650E421-9A39-4175-BA0C-5B400F2B249D}.Ad-Hoc|iPhone.ActiveCfg = Release|Any CPU
		{0650E421-9A39-4175-BA0C-5B400F2B249D}.Ad-Hoc|iPhone.Build.0 = Release|Any CPU
		{0650E421-9A39-4175-BA0C-5B400F2B249D}.Ad-Hoc|iPhoneSimulator.ActiveCfg = Release|Any CPU
		{0650E421-9A39-4175-BA0C-5B400F2B249D}.Ad-Hoc|iPhoneSimulator.Build.0 = Release|Any CPU
		{0650E421-9A39-4175-BA0C-5B400F2B249D}.Ad-Hoc|x64.ActiveCfg = Release|Any CPU
		{0650E421-9A39-4175-BA0C-5B400F2B249D}.Ad-Hoc|x64.Build.0 = Release|Any CPU
		{0650E421-9A39-4175-BA0C-5B400F2B249D}.Ad-Hoc|x86.ActiveCfg = Release|Any CPU
		{0650E421-9A39-4175-BA0C-5B400F2B249D}.Ad-Hoc|x86.Build.0 = Release|Any CPU
		{0650E421-9A39-4175-BA0C-5B400F2B249D}.AppStore|Any CPU.ActiveCfg = Release|Any CPU
		{0650E421-9A39-4175-BA0C-5B400F2B249D}.AppStore|Any CPU.Build.0 = Release|Any CPU
		{0650E421-9A39-4175-BA0C-5B400F2B249D}.AppStore|ARM.ActiveCfg = Release|Any CPU
		{0650E421-9A39-4175-BA0C-5B400F2B249D}.AppStore|ARM.Build.0 = Release|Any CPU
		{0650E421-9A39-4175-BA0C-5B400F2B249D}.AppStore|iPhone.ActiveCfg = Release|Any CPU
		{0650E421-9A39-4175-BA0C-5B400F2B249D}.AppStore|iPhone.Build.0 = Release|Any CPU
		{0650E421-9A39-4175-BA0C-5B400F2B249D}.AppStore|iPhoneSimulator.ActiveCfg = Release|Any CPU
		{0650E421-9A39-4175-BA0C-5B400F2B249D}.AppStore|iPhoneSimulator.Build.0 = Release|Any CPU
		{0650E421-9A39-4175-BA0C-5B400F2B249D}.AppStore|x64.ActiveCfg = Release|Any CPU
		{0650E421-9A39-4175-BA0C-5B400F2B249D}.AppStore|x64.Build.0 = Release|Any CPU
		{0650E421-9A39-4175-BA0C-5B400F2B249D}.AppStore|x86.ActiveCfg = Release|Any CPU
		{0650E421-9A39-4175-BA0C-5B400F2B249D}.AppStore|x86.Build.0 = Release|Any CPU
		{0650E421-9A39-4175-BA0C-5B400F2B249D}.Debug|Any CPU.ActiveCfg = Debug|Any CPU
		{0650E421-9A39-4175-BA0C-5B400F2B249D}.Debug|Any CPU.Build.0 = Debug|Any CPU
		{0650E421-9A39-4175-BA0C-5B400F2B249D}.Debug|ARM.ActiveCfg = Debug|Any CPU
		{0650E421-9A39-4175-BA0C-5B400F2B249D}.Debug|ARM.Build.0 = Debug|Any CPU
		{0650E421-9A39-4175-BA0C-5B400F2B249D}.Debug|iPhone.ActiveCfg = Debug|Any CPU
		{0650E421-9A39-4175-BA0C-5B400F2B249D}.Debug|iPhone.Build.0 = Debug|Any CPU
		{0650E421-9A39-4175-BA0C-5B400F2B249D}.Debug|iPhoneSimulator.ActiveCfg = Debug|Any CPU
		{0650E421-9A39-4175-BA0C-5B400F2B249D}.Debug|iPhoneSimulator.Build.0 = Debug|Any CPU
		{0650E421-9A39-4175-BA0C-5B400F2B249D}.Debug|x64.ActiveCfg = Debug|Any CPU
		{0650E421-9A39-4175-BA0C-5B400F2B249D}.Debug|x64.Build.0 = Debug|Any CPU
		{0650E421-9A39-4175-BA0C-5B400F2B249D}.Debug|x86.ActiveCfg = Debug|Any CPU
		{0650E421-9A39-4175-BA0C-5B400F2B249D}.Debug|x86.Build.0 = Debug|Any CPU
		{0650E421-9A39-4175-BA0C-5B400F2B249D}.Release|Any CPU.ActiveCfg = Release|Any CPU
		{0650E421-9A39-4175-BA0C-5B400F2B249D}.Release|Any CPU.Build.0 = Release|Any CPU
		{0650E421-9A39-4175-BA0C-5B400F2B249D}.Release|ARM.ActiveCfg = Release|Any CPU
		{0650E421-9A39-4175-BA0C-5B400F2B249D}.Release|ARM.Build.0 = Release|Any CPU
		{0650E421-9A39-4175-BA0C-5B400F2B249D}.Release|iPhone.ActiveCfg = Release|Any CPU
		{0650E421-9A39-4175-BA0C-5B400F2B249D}.Release|iPhone.Build.0 = Release|Any CPU
		{0650E421-9A39-4175-BA0C-5B400F2B249D}.Release|iPhoneSimulator.ActiveCfg = Release|Any CPU
		{0650E421-9A39-4175-BA0C-5B400F2B249D}.Release|iPhoneSimulator.Build.0 = Release|Any CPU
		{0650E421-9A39-4175-BA0C-5B400F2B249D}.Release|x64.ActiveCfg = Release|Any CPU
		{0650E421-9A39-4175-BA0C-5B400F2B249D}.Release|x64.Build.0 = Release|Any CPU
		{0650E421-9A39-4175-BA0C-5B400F2B249D}.Release|x86.ActiveCfg = Release|Any CPU
		{0650E421-9A39-4175-BA0C-5B400F2B249D}.Release|x86.Build.0 = Release|Any CPU
		{D408BEA7-1394-404F-9464-37B0635E9312}.Ad-Hoc|Any CPU.ActiveCfg = Release|Any CPU
		{D408BEA7-1394-404F-9464-37B0635E9312}.Ad-Hoc|Any CPU.Build.0 = Release|Any CPU
		{D408BEA7-1394-404F-9464-37B0635E9312}.Ad-Hoc|ARM.ActiveCfg = Release|Any CPU
		{D408BEA7-1394-404F-9464-37B0635E9312}.Ad-Hoc|ARM.Build.0 = Release|Any CPU
		{D408BEA7-1394-404F-9464-37B0635E9312}.Ad-Hoc|iPhone.ActiveCfg = Release|Any CPU
		{D408BEA7-1394-404F-9464-37B0635E9312}.Ad-Hoc|iPhone.Build.0 = Release|Any CPU
		{D408BEA7-1394-404F-9464-37B0635E9312}.Ad-Hoc|iPhoneSimulator.ActiveCfg = Release|Any CPU
		{D408BEA7-1394-404F-9464-37B0635E9312}.Ad-Hoc|iPhoneSimulator.Build.0 = Release|Any CPU
		{D408BEA7-1394-404F-9464-37B0635E9312}.Ad-Hoc|x64.ActiveCfg = Release|Any CPU
		{D408BEA7-1394-404F-9464-37B0635E9312}.Ad-Hoc|x64.Build.0 = Release|Any CPU
		{D408BEA7-1394-404F-9464-37B0635E9312}.Ad-Hoc|x86.ActiveCfg = Release|Any CPU
		{D408BEA7-1394-404F-9464-37B0635E9312}.Ad-Hoc|x86.Build.0 = Release|Any CPU
		{D408BEA7-1394-404F-9464-37B0635E9312}.AppStore|Any CPU.ActiveCfg = Release|Any CPU
		{D408BEA7-1394-404F-9464-37B0635E9312}.AppStore|Any CPU.Build.0 = Release|Any CPU
		{D408BEA7-1394-404F-9464-37B0635E9312}.AppStore|ARM.ActiveCfg = Release|Any CPU
		{D408BEA7-1394-404F-9464-37B0635E9312}.AppStore|ARM.Build.0 = Release|Any CPU
		{D408BEA7-1394-404F-9464-37B0635E9312}.AppStore|iPhone.ActiveCfg = Release|Any CPU
		{D408BEA7-1394-404F-9464-37B0635E9312}.AppStore|iPhone.Build.0 = Release|Any CPU
		{D408BEA7-1394-404F-9464-37B0635E9312}.AppStore|iPhoneSimulator.ActiveCfg = Release|Any CPU
		{D408BEA7-1394-404F-9464-37B0635E9312}.AppStore|iPhoneSimulator.Build.0 = Release|Any CPU
		{D408BEA7-1394-404F-9464-37B0635E9312}.AppStore|x64.ActiveCfg = Release|Any CPU
		{D408BEA7-1394-404F-9464-37B0635E9312}.AppStore|x64.Build.0 = Release|Any CPU
		{D408BEA7-1394-404F-9464-37B0635E9312}.AppStore|x86.ActiveCfg = Release|Any CPU
		{D408BEA7-1394-404F-9464-37B0635E9312}.AppStore|x86.Build.0 = Release|Any CPU
		{D408BEA7-1394-404F-9464-37B0635E9312}.Debug|Any CPU.ActiveCfg = Debug|Any CPU
		{D408BEA7-1394-404F-9464-37B0635E9312}.Debug|Any CPU.Build.0 = Debug|Any CPU
		{D408BEA7-1394-404F-9464-37B0635E9312}.Debug|ARM.ActiveCfg = Debug|Any CPU
		{D408BEA7-1394-404F-9464-37B0635E9312}.Debug|ARM.Build.0 = Debug|Any CPU
		{D408BEA7-1394-404F-9464-37B0635E9312}.Debug|iPhone.ActiveCfg = Debug|Any CPU
		{D408BEA7-1394-404F-9464-37B0635E9312}.Debug|iPhone.Build.0 = Debug|Any CPU
		{D408BEA7-1394-404F-9464-37B0635E9312}.Debug|iPhoneSimulator.ActiveCfg = Debug|Any CPU
		{D408BEA7-1394-404F-9464-37B0635E9312}.Debug|iPhoneSimulator.Build.0 = Debug|Any CPU
		{D408BEA7-1394-404F-9464-37B0635E9312}.Debug|x64.ActiveCfg = Debug|Any CPU
		{D408BEA7-1394-404F-9464-37B0635E9312}.Debug|x64.Build.0 = Debug|Any CPU
		{D408BEA7-1394-404F-9464-37B0635E9312}.Debug|x86.ActiveCfg = Debug|Any CPU
		{D408BEA7-1394-404F-9464-37B0635E9312}.Debug|x86.Build.0 = Debug|Any CPU
		{D408BEA7-1394-404F-9464-37B0635E9312}.Release|Any CPU.ActiveCfg = Release|Any CPU
		{D408BEA7-1394-404F-9464-37B0635E9312}.Release|Any CPU.Build.0 = Release|Any CPU
		{D408BEA7-1394-404F-9464-37B0635E9312}.Release|ARM.ActiveCfg = Release|Any CPU
		{D408BEA7-1394-404F-9464-37B0635E9312}.Release|ARM.Build.0 = Release|Any CPU
		{D408BEA7-1394-404F-9464-37B0635E9312}.Release|iPhone.ActiveCfg = Release|Any CPU
		{D408BEA7-1394-404F-9464-37B0635E9312}.Release|iPhone.Build.0 = Release|Any CPU
		{D408BEA7-1394-404F-9464-37B0635E9312}.Release|iPhoneSimulator.ActiveCfg = Release|Any CPU
		{D408BEA7-1394-404F-9464-37B0635E9312}.Release|iPhoneSimulator.Build.0 = Release|Any CPU
		{D408BEA7-1394-404F-9464-37B0635E9312}.Release|x64.ActiveCfg = Release|Any CPU
		{D408BEA7-1394-404F-9464-37B0635E9312}.Release|x64.Build.0 = Release|Any CPU
		{D408BEA7-1394-404F-9464-37B0635E9312}.Release|x86.ActiveCfg = Release|Any CPU
		{D408BEA7-1394-404F-9464-37B0635E9312}.Release|x86.Build.0 = Release|Any CPU
		{EB246D78-23D2-4A7F-878B-C4B125939E41}.Ad-Hoc|Any CPU.ActiveCfg = Release|Any CPU
		{EB246D78-23D2-4A7F-878B-C4B125939E41}.Ad-Hoc|Any CPU.Build.0 = Release|Any CPU
		{EB246D78-23D2-4A7F-878B-C4B125939E41}.Ad-Hoc|Any CPU.Deploy.0 = Release|Any CPU
		{EB246D78-23D2-4A7F-878B-C4B125939E41}.Ad-Hoc|ARM.ActiveCfg = Release|Any CPU
		{EB246D78-23D2-4A7F-878B-C4B125939E41}.Ad-Hoc|ARM.Build.0 = Release|Any CPU
		{EB246D78-23D2-4A7F-878B-C4B125939E41}.Ad-Hoc|ARM.Deploy.0 = Release|Any CPU
		{EB246D78-23D2-4A7F-878B-C4B125939E41}.Ad-Hoc|iPhone.ActiveCfg = Release|Any CPU
		{EB246D78-23D2-4A7F-878B-C4B125939E41}.Ad-Hoc|iPhone.Build.0 = Release|Any CPU
		{EB246D78-23D2-4A7F-878B-C4B125939E41}.Ad-Hoc|iPhone.Deploy.0 = Release|Any CPU
		{EB246D78-23D2-4A7F-878B-C4B125939E41}.Ad-Hoc|iPhoneSimulator.ActiveCfg = Release|Any CPU
		{EB246D78-23D2-4A7F-878B-C4B125939E41}.Ad-Hoc|iPhoneSimulator.Build.0 = Release|Any CPU
		{EB246D78-23D2-4A7F-878B-C4B125939E41}.Ad-Hoc|iPhoneSimulator.Deploy.0 = Release|Any CPU
		{EB246D78-23D2-4A7F-878B-C4B125939E41}.Ad-Hoc|x64.ActiveCfg = Release|Any CPU
		{EB246D78-23D2-4A7F-878B-C4B125939E41}.Ad-Hoc|x64.Build.0 = Release|Any CPU
		{EB246D78-23D2-4A7F-878B-C4B125939E41}.Ad-Hoc|x64.Deploy.0 = Release|Any CPU
		{EB246D78-23D2-4A7F-878B-C4B125939E41}.Ad-Hoc|x86.ActiveCfg = Release|Any CPU
		{EB246D78-23D2-4A7F-878B-C4B125939E41}.Ad-Hoc|x86.Build.0 = Release|Any CPU
		{EB246D78-23D2-4A7F-878B-C4B125939E41}.Ad-Hoc|x86.Deploy.0 = Release|Any CPU
		{EB246D78-23D2-4A7F-878B-C4B125939E41}.AppStore|Any CPU.ActiveCfg = Release|Any CPU
		{EB246D78-23D2-4A7F-878B-C4B125939E41}.AppStore|Any CPU.Build.0 = Release|Any CPU
		{EB246D78-23D2-4A7F-878B-C4B125939E41}.AppStore|Any CPU.Deploy.0 = Release|Any CPU
		{EB246D78-23D2-4A7F-878B-C4B125939E41}.AppStore|ARM.ActiveCfg = Release|Any CPU
		{EB246D78-23D2-4A7F-878B-C4B125939E41}.AppStore|ARM.Build.0 = Release|Any CPU
		{EB246D78-23D2-4A7F-878B-C4B125939E41}.AppStore|ARM.Deploy.0 = Release|Any CPU
		{EB246D78-23D2-4A7F-878B-C4B125939E41}.AppStore|iPhone.ActiveCfg = Release|Any CPU
		{EB246D78-23D2-4A7F-878B-C4B125939E41}.AppStore|iPhone.Build.0 = Release|Any CPU
		{EB246D78-23D2-4A7F-878B-C4B125939E41}.AppStore|iPhone.Deploy.0 = Release|Any CPU
		{EB246D78-23D2-4A7F-878B-C4B125939E41}.AppStore|iPhoneSimulator.ActiveCfg = Release|Any CPU
		{EB246D78-23D2-4A7F-878B-C4B125939E41}.AppStore|iPhoneSimulator.Build.0 = Release|Any CPU
		{EB246D78-23D2-4A7F-878B-C4B125939E41}.AppStore|iPhoneSimulator.Deploy.0 = Release|Any CPU
		{EB246D78-23D2-4A7F-878B-C4B125939E41}.AppStore|x64.ActiveCfg = Release|Any CPU
		{EB246D78-23D2-4A7F-878B-C4B125939E41}.AppStore|x64.Build.0 = Release|Any CPU
		{EB246D78-23D2-4A7F-878B-C4B125939E41}.AppStore|x64.Deploy.0 = Release|Any CPU
		{EB246D78-23D2-4A7F-878B-C4B125939E41}.AppStore|x86.ActiveCfg = Release|Any CPU
		{EB246D78-23D2-4A7F-878B-C4B125939E41}.AppStore|x86.Build.0 = Release|Any CPU
		{EB246D78-23D2-4A7F-878B-C4B125939E41}.AppStore|x86.Deploy.0 = Release|Any CPU
		{EB246D78-23D2-4A7F-878B-C4B125939E41}.Debug|Any CPU.ActiveCfg = Debug|Any CPU
		{EB246D78-23D2-4A7F-878B-C4B125939E41}.Debug|Any CPU.Build.0 = Debug|Any CPU
		{EB246D78-23D2-4A7F-878B-C4B125939E41}.Debug|Any CPU.Deploy.0 = Debug|Any CPU
		{EB246D78-23D2-4A7F-878B-C4B125939E41}.Debug|ARM.ActiveCfg = Debug|Any CPU
		{EB246D78-23D2-4A7F-878B-C4B125939E41}.Debug|ARM.Build.0 = Debug|Any CPU
		{EB246D78-23D2-4A7F-878B-C4B125939E41}.Debug|ARM.Deploy.0 = Debug|Any CPU
		{EB246D78-23D2-4A7F-878B-C4B125939E41}.Debug|iPhone.ActiveCfg = Debug|Any CPU
		{EB246D78-23D2-4A7F-878B-C4B125939E41}.Debug|iPhone.Build.0 = Debug|Any CPU
		{EB246D78-23D2-4A7F-878B-C4B125939E41}.Debug|iPhone.Deploy.0 = Debug|Any CPU
		{EB246D78-23D2-4A7F-878B-C4B125939E41}.Debug|iPhoneSimulator.ActiveCfg = Debug|Any CPU
		{EB246D78-23D2-4A7F-878B-C4B125939E41}.Debug|iPhoneSimulator.Build.0 = Debug|Any CPU
		{EB246D78-23D2-4A7F-878B-C4B125939E41}.Debug|iPhoneSimulator.Deploy.0 = Debug|Any CPU
		{EB246D78-23D2-4A7F-878B-C4B125939E41}.Debug|x64.ActiveCfg = Debug|Any CPU
		{EB246D78-23D2-4A7F-878B-C4B125939E41}.Debug|x64.Build.0 = Debug|Any CPU
		{EB246D78-23D2-4A7F-878B-C4B125939E41}.Debug|x64.Deploy.0 = Debug|Any CPU
		{EB246D78-23D2-4A7F-878B-C4B125939E41}.Debug|x86.ActiveCfg = Debug|Any CPU
		{EB246D78-23D2-4A7F-878B-C4B125939E41}.Debug|x86.Build.0 = Debug|Any CPU
		{EB246D78-23D2-4A7F-878B-C4B125939E41}.Debug|x86.Deploy.0 = Debug|Any CPU
		{EB246D78-23D2-4A7F-878B-C4B125939E41}.Release|Any CPU.ActiveCfg = Release|Any CPU
		{EB246D78-23D2-4A7F-878B-C4B125939E41}.Release|Any CPU.Build.0 = Release|Any CPU
		{EB246D78-23D2-4A7F-878B-C4B125939E41}.Release|Any CPU.Deploy.0 = Release|Any CPU
		{EB246D78-23D2-4A7F-878B-C4B125939E41}.Release|ARM.ActiveCfg = Release|Any CPU
		{EB246D78-23D2-4A7F-878B-C4B125939E41}.Release|ARM.Build.0 = Release|Any CPU
		{EB246D78-23D2-4A7F-878B-C4B125939E41}.Release|ARM.Deploy.0 = Release|Any CPU
		{EB246D78-23D2-4A7F-878B-C4B125939E41}.Release|iPhone.ActiveCfg = Release|Any CPU
		{EB246D78-23D2-4A7F-878B-C4B125939E41}.Release|iPhone.Build.0 = Release|Any CPU
		{EB246D78-23D2-4A7F-878B-C4B125939E41}.Release|iPhone.Deploy.0 = Release|Any CPU
		{EB246D78-23D2-4A7F-878B-C4B125939E41}.Release|iPhoneSimulator.ActiveCfg = Release|Any CPU
		{EB246D78-23D2-4A7F-878B-C4B125939E41}.Release|iPhoneSimulator.Build.0 = Release|Any CPU
		{EB246D78-23D2-4A7F-878B-C4B125939E41}.Release|iPhoneSimulator.Deploy.0 = Release|Any CPU
		{EB246D78-23D2-4A7F-878B-C4B125939E41}.Release|x64.ActiveCfg = Release|Any CPU
		{EB246D78-23D2-4A7F-878B-C4B125939E41}.Release|x64.Build.0 = Release|Any CPU
		{EB246D78-23D2-4A7F-878B-C4B125939E41}.Release|x64.Deploy.0 = Release|Any CPU
		{EB246D78-23D2-4A7F-878B-C4B125939E41}.Release|x86.ActiveCfg = Release|Any CPU
		{EB246D78-23D2-4A7F-878B-C4B125939E41}.Release|x86.Build.0 = Release|Any CPU
		{EB246D78-23D2-4A7F-878B-C4B125939E41}.Release|x86.Deploy.0 = Release|Any CPU
		{412B87F7-B4BD-467E-8513-8CD0EB165864}.Ad-Hoc|Any CPU.ActiveCfg = Ad-Hoc|iPhone
		{412B87F7-B4BD-467E-8513-8CD0EB165864}.Ad-Hoc|ARM.ActiveCfg = Ad-Hoc|iPhone
		{412B87F7-B4BD-467E-8513-8CD0EB165864}.Ad-Hoc|iPhone.ActiveCfg = Ad-Hoc|iPhone
		{412B87F7-B4BD-467E-8513-8CD0EB165864}.Ad-Hoc|iPhone.Build.0 = Ad-Hoc|iPhone
		{412B87F7-B4BD-467E-8513-8CD0EB165864}.Ad-Hoc|iPhoneSimulator.ActiveCfg = Ad-Hoc|iPhoneSimulator
		{412B87F7-B4BD-467E-8513-8CD0EB165864}.Ad-Hoc|iPhoneSimulator.Build.0 = Ad-Hoc|iPhoneSimulator
		{412B87F7-B4BD-467E-8513-8CD0EB165864}.Ad-Hoc|x64.ActiveCfg = Ad-Hoc|iPhone
		{412B87F7-B4BD-467E-8513-8CD0EB165864}.Ad-Hoc|x86.ActiveCfg = Ad-Hoc|iPhone
		{412B87F7-B4BD-467E-8513-8CD0EB165864}.AppStore|Any CPU.ActiveCfg = AppStore|iPhone
		{412B87F7-B4BD-467E-8513-8CD0EB165864}.AppStore|ARM.ActiveCfg = AppStore|iPhone
		{412B87F7-B4BD-467E-8513-8CD0EB165864}.AppStore|iPhone.ActiveCfg = AppStore|iPhone
		{412B87F7-B4BD-467E-8513-8CD0EB165864}.AppStore|iPhone.Build.0 = AppStore|iPhone
		{412B87F7-B4BD-467E-8513-8CD0EB165864}.AppStore|iPhoneSimulator.ActiveCfg = AppStore|iPhoneSimulator
		{412B87F7-B4BD-467E-8513-8CD0EB165864}.AppStore|iPhoneSimulator.Build.0 = AppStore|iPhoneSimulator
		{412B87F7-B4BD-467E-8513-8CD0EB165864}.AppStore|x64.ActiveCfg = AppStore|iPhone
		{412B87F7-B4BD-467E-8513-8CD0EB165864}.AppStore|x86.ActiveCfg = AppStore|iPhone
		{412B87F7-B4BD-467E-8513-8CD0EB165864}.Debug|Any CPU.ActiveCfg = Debug|iPhone
		{412B87F7-B4BD-467E-8513-8CD0EB165864}.Debug|ARM.ActiveCfg = Debug|iPhone
		{412B87F7-B4BD-467E-8513-8CD0EB165864}.Debug|iPhone.ActiveCfg = Debug|iPhone
		{412B87F7-B4BD-467E-8513-8CD0EB165864}.Debug|iPhone.Build.0 = Debug|iPhone
		{412B87F7-B4BD-467E-8513-8CD0EB165864}.Debug|iPhoneSimulator.ActiveCfg = Debug|iPhoneSimulator
		{412B87F7-B4BD-467E-8513-8CD0EB165864}.Debug|iPhoneSimulator.Build.0 = Debug|iPhoneSimulator
		{412B87F7-B4BD-467E-8513-8CD0EB165864}.Debug|x64.ActiveCfg = Debug|iPhone
		{412B87F7-B4BD-467E-8513-8CD0EB165864}.Debug|x86.ActiveCfg = Debug|iPhone
		{412B87F7-B4BD-467E-8513-8CD0EB165864}.Release|Any CPU.ActiveCfg = Release|iPhone
		{412B87F7-B4BD-467E-8513-8CD0EB165864}.Release|ARM.ActiveCfg = Release|iPhone
		{412B87F7-B4BD-467E-8513-8CD0EB165864}.Release|iPhone.ActiveCfg = Release|iPhone
		{412B87F7-B4BD-467E-8513-8CD0EB165864}.Release|iPhone.Build.0 = Release|iPhone
		{412B87F7-B4BD-467E-8513-8CD0EB165864}.Release|iPhoneSimulator.ActiveCfg = Release|iPhoneSimulator
		{412B87F7-B4BD-467E-8513-8CD0EB165864}.Release|iPhoneSimulator.Build.0 = Release|iPhoneSimulator
		{412B87F7-B4BD-467E-8513-8CD0EB165864}.Release|x64.ActiveCfg = Release|iPhone
		{412B87F7-B4BD-467E-8513-8CD0EB165864}.Release|x86.ActiveCfg = Release|iPhone
		{41BF7872-AC94-490F-8EF2-4817D5DEC179}.Ad-Hoc|Any CPU.ActiveCfg = Debug|x86
		{41BF7872-AC94-490F-8EF2-4817D5DEC179}.Ad-Hoc|Any CPU.Build.0 = Debug|x86
		{41BF7872-AC94-490F-8EF2-4817D5DEC179}.Ad-Hoc|Any CPU.Deploy.0 = Debug|x86
		{41BF7872-AC94-490F-8EF2-4817D5DEC179}.Ad-Hoc|ARM.ActiveCfg = Debug|ARM
		{41BF7872-AC94-490F-8EF2-4817D5DEC179}.Ad-Hoc|ARM.Build.0 = Debug|ARM
		{41BF7872-AC94-490F-8EF2-4817D5DEC179}.Ad-Hoc|ARM.Deploy.0 = Debug|ARM
		{41BF7872-AC94-490F-8EF2-4817D5DEC179}.Ad-Hoc|iPhone.ActiveCfg = Debug|x86
		{41BF7872-AC94-490F-8EF2-4817D5DEC179}.Ad-Hoc|iPhone.Build.0 = Debug|x86
		{41BF7872-AC94-490F-8EF2-4817D5DEC179}.Ad-Hoc|iPhone.Deploy.0 = Debug|x86
		{41BF7872-AC94-490F-8EF2-4817D5DEC179}.Ad-Hoc|iPhoneSimulator.ActiveCfg = Debug|x86
		{41BF7872-AC94-490F-8EF2-4817D5DEC179}.Ad-Hoc|iPhoneSimulator.Build.0 = Debug|x86
		{41BF7872-AC94-490F-8EF2-4817D5DEC179}.Ad-Hoc|iPhoneSimulator.Deploy.0 = Debug|x86
		{41BF7872-AC94-490F-8EF2-4817D5DEC179}.Ad-Hoc|x64.ActiveCfg = Debug|x64
		{41BF7872-AC94-490F-8EF2-4817D5DEC179}.Ad-Hoc|x64.Build.0 = Debug|x64
		{41BF7872-AC94-490F-8EF2-4817D5DEC179}.Ad-Hoc|x64.Deploy.0 = Debug|x64
		{41BF7872-AC94-490F-8EF2-4817D5DEC179}.Ad-Hoc|x86.ActiveCfg = Debug|x86
		{41BF7872-AC94-490F-8EF2-4817D5DEC179}.Ad-Hoc|x86.Build.0 = Debug|x86
		{41BF7872-AC94-490F-8EF2-4817D5DEC179}.Ad-Hoc|x86.Deploy.0 = Debug|x86
		{41BF7872-AC94-490F-8EF2-4817D5DEC179}.AppStore|Any CPU.ActiveCfg = Debug|x86
		{41BF7872-AC94-490F-8EF2-4817D5DEC179}.AppStore|Any CPU.Build.0 = Debug|x86
		{41BF7872-AC94-490F-8EF2-4817D5DEC179}.AppStore|Any CPU.Deploy.0 = Debug|x86
		{41BF7872-AC94-490F-8EF2-4817D5DEC179}.AppStore|ARM.ActiveCfg = Debug|ARM
		{41BF7872-AC94-490F-8EF2-4817D5DEC179}.AppStore|ARM.Build.0 = Debug|ARM
		{41BF7872-AC94-490F-8EF2-4817D5DEC179}.AppStore|ARM.Deploy.0 = Debug|ARM
		{41BF7872-AC94-490F-8EF2-4817D5DEC179}.AppStore|iPhone.ActiveCfg = Debug|x86
		{41BF7872-AC94-490F-8EF2-4817D5DEC179}.AppStore|iPhone.Build.0 = Debug|x86
		{41BF7872-AC94-490F-8EF2-4817D5DEC179}.AppStore|iPhone.Deploy.0 = Debug|x86
		{41BF7872-AC94-490F-8EF2-4817D5DEC179}.AppStore|iPhoneSimulator.ActiveCfg = Debug|x86
		{41BF7872-AC94-490F-8EF2-4817D5DEC179}.AppStore|iPhoneSimulator.Build.0 = Debug|x86
		{41BF7872-AC94-490F-8EF2-4817D5DEC179}.AppStore|iPhoneSimulator.Deploy.0 = Debug|x86
		{41BF7872-AC94-490F-8EF2-4817D5DEC179}.AppStore|x64.ActiveCfg = Debug|x64
		{41BF7872-AC94-490F-8EF2-4817D5DEC179}.AppStore|x64.Build.0 = Debug|x64
		{41BF7872-AC94-490F-8EF2-4817D5DEC179}.AppStore|x64.Deploy.0 = Debug|x64
		{41BF7872-AC94-490F-8EF2-4817D5DEC179}.AppStore|x86.ActiveCfg = Debug|x86
		{41BF7872-AC94-490F-8EF2-4817D5DEC179}.AppStore|x86.Build.0 = Debug|x86
		{41BF7872-AC94-490F-8EF2-4817D5DEC179}.AppStore|x86.Deploy.0 = Debug|x86
		{41BF7872-AC94-490F-8EF2-4817D5DEC179}.Debug|Any CPU.ActiveCfg = Debug|x86
		{41BF7872-AC94-490F-8EF2-4817D5DEC179}.Debug|ARM.ActiveCfg = Debug|ARM
		{41BF7872-AC94-490F-8EF2-4817D5DEC179}.Debug|ARM.Build.0 = Debug|ARM
		{41BF7872-AC94-490F-8EF2-4817D5DEC179}.Debug|ARM.Deploy.0 = Debug|ARM
		{41BF7872-AC94-490F-8EF2-4817D5DEC179}.Debug|iPhone.ActiveCfg = Debug|x86
		{41BF7872-AC94-490F-8EF2-4817D5DEC179}.Debug|iPhoneSimulator.ActiveCfg = Debug|x86
		{41BF7872-AC94-490F-8EF2-4817D5DEC179}.Debug|x64.ActiveCfg = Debug|x64
		{41BF7872-AC94-490F-8EF2-4817D5DEC179}.Debug|x64.Build.0 = Debug|x64
		{41BF7872-AC94-490F-8EF2-4817D5DEC179}.Debug|x64.Deploy.0 = Debug|x64
		{41BF7872-AC94-490F-8EF2-4817D5DEC179}.Debug|x86.ActiveCfg = Debug|x86
		{41BF7872-AC94-490F-8EF2-4817D5DEC179}.Debug|x86.Build.0 = Debug|x86
		{41BF7872-AC94-490F-8EF2-4817D5DEC179}.Debug|x86.Deploy.0 = Debug|x86
		{41BF7872-AC94-490F-8EF2-4817D5DEC179}.Release|Any CPU.ActiveCfg = Release|x86
		{41BF7872-AC94-490F-8EF2-4817D5DEC179}.Release|ARM.ActiveCfg = Release|ARM
		{41BF7872-AC94-490F-8EF2-4817D5DEC179}.Release|ARM.Build.0 = Release|ARM
		{41BF7872-AC94-490F-8EF2-4817D5DEC179}.Release|ARM.Deploy.0 = Release|ARM
		{41BF7872-AC94-490F-8EF2-4817D5DEC179}.Release|iPhone.ActiveCfg = Release|x86
		{41BF7872-AC94-490F-8EF2-4817D5DEC179}.Release|iPhoneSimulator.ActiveCfg = Release|x86
		{41BF7872-AC94-490F-8EF2-4817D5DEC179}.Release|x64.ActiveCfg = Release|x64
		{41BF7872-AC94-490F-8EF2-4817D5DEC179}.Release|x64.Build.0 = Release|x64
		{41BF7872-AC94-490F-8EF2-4817D5DEC179}.Release|x64.Deploy.0 = Release|x64
		{41BF7872-AC94-490F-8EF2-4817D5DEC179}.Release|x86.ActiveCfg = Release|x86
		{41BF7872-AC94-490F-8EF2-4817D5DEC179}.Release|x86.Build.0 = Release|x86
		{41BF7872-AC94-490F-8EF2-4817D5DEC179}.Release|x86.Deploy.0 = Release|x86
		{D20F1CF6-0653-48AD-BEB0-18AF86B7D3DB}.Ad-Hoc|Any CPU.ActiveCfg = Debug|Any CPU
		{D20F1CF6-0653-48AD-BEB0-18AF86B7D3DB}.Ad-Hoc|Any CPU.Build.0 = Debug|Any CPU
		{D20F1CF6-0653-48AD-BEB0-18AF86B7D3DB}.Ad-Hoc|ARM.ActiveCfg = Debug|Any CPU
		{D20F1CF6-0653-48AD-BEB0-18AF86B7D3DB}.Ad-Hoc|ARM.Build.0 = Debug|Any CPU
		{D20F1CF6-0653-48AD-BEB0-18AF86B7D3DB}.Ad-Hoc|iPhone.ActiveCfg = Debug|Any CPU
		{D20F1CF6-0653-48AD-BEB0-18AF86B7D3DB}.Ad-Hoc|iPhone.Build.0 = Debug|Any CPU
		{D20F1CF6-0653-48AD-BEB0-18AF86B7D3DB}.Ad-Hoc|iPhoneSimulator.ActiveCfg = Debug|Any CPU
		{D20F1CF6-0653-48AD-BEB0-18AF86B7D3DB}.Ad-Hoc|iPhoneSimulator.Build.0 = Debug|Any CPU
		{D20F1CF6-0653-48AD-BEB0-18AF86B7D3DB}.Ad-Hoc|x64.ActiveCfg = Debug|Any CPU
		{D20F1CF6-0653-48AD-BEB0-18AF86B7D3DB}.Ad-Hoc|x64.Build.0 = Debug|Any CPU
		{D20F1CF6-0653-48AD-BEB0-18AF86B7D3DB}.Ad-Hoc|x86.ActiveCfg = Debug|Any CPU
		{D20F1CF6-0653-48AD-BEB0-18AF86B7D3DB}.Ad-Hoc|x86.Build.0 = Debug|Any CPU
		{D20F1CF6-0653-48AD-BEB0-18AF86B7D3DB}.AppStore|Any CPU.ActiveCfg = Debug|Any CPU
		{D20F1CF6-0653-48AD-BEB0-18AF86B7D3DB}.AppStore|Any CPU.Build.0 = Debug|Any CPU
		{D20F1CF6-0653-48AD-BEB0-18AF86B7D3DB}.AppStore|ARM.ActiveCfg = Debug|Any CPU
		{D20F1CF6-0653-48AD-BEB0-18AF86B7D3DB}.AppStore|ARM.Build.0 = Debug|Any CPU
		{D20F1CF6-0653-48AD-BEB0-18AF86B7D3DB}.AppStore|iPhone.ActiveCfg = Debug|Any CPU
		{D20F1CF6-0653-48AD-BEB0-18AF86B7D3DB}.AppStore|iPhone.Build.0 = Debug|Any CPU
		{D20F1CF6-0653-48AD-BEB0-18AF86B7D3DB}.AppStore|iPhoneSimulator.ActiveCfg = Debug|Any CPU
		{D20F1CF6-0653-48AD-BEB0-18AF86B7D3DB}.AppStore|iPhoneSimulator.Build.0 = Debug|Any CPU
		{D20F1CF6-0653-48AD-BEB0-18AF86B7D3DB}.AppStore|x64.ActiveCfg = Debug|Any CPU
		{D20F1CF6-0653-48AD-BEB0-18AF86B7D3DB}.AppStore|x64.Build.0 = Debug|Any CPU
		{D20F1CF6-0653-48AD-BEB0-18AF86B7D3DB}.AppStore|x86.ActiveCfg = Debug|Any CPU
		{D20F1CF6-0653-48AD-BEB0-18AF86B7D3DB}.AppStore|x86.Build.0 = Debug|Any CPU
		{D20F1CF6-0653-48AD-BEB0-18AF86B7D3DB}.Debug|Any CPU.ActiveCfg = Debug|Any CPU
		{D20F1CF6-0653-48AD-BEB0-18AF86B7D3DB}.Debug|Any CPU.Build.0 = Debug|Any CPU
		{D20F1CF6-0653-48AD-BEB0-18AF86B7D3DB}.Debug|ARM.ActiveCfg = Debug|Any CPU
		{D20F1CF6-0653-48AD-BEB0-18AF86B7D3DB}.Debug|ARM.Build.0 = Debug|Any CPU
		{D20F1CF6-0653-48AD-BEB0-18AF86B7D3DB}.Debug|iPhone.ActiveCfg = Debug|Any CPU
		{D20F1CF6-0653-48AD-BEB0-18AF86B7D3DB}.Debug|iPhone.Build.0 = Debug|Any CPU
		{D20F1CF6-0653-48AD-BEB0-18AF86B7D3DB}.Debug|iPhoneSimulator.ActiveCfg = Debug|Any CPU
		{D20F1CF6-0653-48AD-BEB0-18AF86B7D3DB}.Debug|iPhoneSimulator.Build.0 = Debug|Any CPU
		{D20F1CF6-0653-48AD-BEB0-18AF86B7D3DB}.Debug|x64.ActiveCfg = Debug|Any CPU
		{D20F1CF6-0653-48AD-BEB0-18AF86B7D3DB}.Debug|x64.Build.0 = Debug|Any CPU
		{D20F1CF6-0653-48AD-BEB0-18AF86B7D3DB}.Debug|x86.ActiveCfg = Debug|Any CPU
		{D20F1CF6-0653-48AD-BEB0-18AF86B7D3DB}.Debug|x86.Build.0 = Debug|Any CPU
		{D20F1CF6-0653-48AD-BEB0-18AF86B7D3DB}.Release|Any CPU.ActiveCfg = Release|Any CPU
		{D20F1CF6-0653-48AD-BEB0-18AF86B7D3DB}.Release|Any CPU.Build.0 = Release|Any CPU
		{D20F1CF6-0653-48AD-BEB0-18AF86B7D3DB}.Release|ARM.ActiveCfg = Release|Any CPU
		{D20F1CF6-0653-48AD-BEB0-18AF86B7D3DB}.Release|ARM.Build.0 = Release|Any CPU
		{D20F1CF6-0653-48AD-BEB0-18AF86B7D3DB}.Release|iPhone.ActiveCfg = Release|Any CPU
		{D20F1CF6-0653-48AD-BEB0-18AF86B7D3DB}.Release|iPhone.Build.0 = Release|Any CPU
		{D20F1CF6-0653-48AD-BEB0-18AF86B7D3DB}.Release|iPhoneSimulator.ActiveCfg = Release|Any CPU
		{D20F1CF6-0653-48AD-BEB0-18AF86B7D3DB}.Release|iPhoneSimulator.Build.0 = Release|Any CPU
		{D20F1CF6-0653-48AD-BEB0-18AF86B7D3DB}.Release|x64.ActiveCfg = Release|Any CPU
		{D20F1CF6-0653-48AD-BEB0-18AF86B7D3DB}.Release|x64.Build.0 = Release|Any CPU
		{D20F1CF6-0653-48AD-BEB0-18AF86B7D3DB}.Release|x86.ActiveCfg = Release|Any CPU
		{D20F1CF6-0653-48AD-BEB0-18AF86B7D3DB}.Release|x86.Build.0 = Release|Any CPU
	EndGlobalSection
	GlobalSection(SolutionProperties) = preSolution
		HideSolutionNode = FALSE
	EndGlobalSection
	GlobalSection(NestedProjects) = preSolution
		{3F2F1444-59E5-4788-A70C-6C05AEB99E0F} = {DEDB9497-1085-433C-9F13-46BF02D71D3B}
		{401A63A9-9676-47A7-A2A8-C2BB0894ABCF} = {84F14C91-D01C-40B7-A94A-FCADF767DA61}
		{FCADC794-1180-4DD3-95CA-220C73FA88DC} = {84F14C91-D01C-40B7-A94A-FCADF767DA61}
		{2E99BD33-3141-4BA9-8931-1FA8F94ECF69} = {84F14C91-D01C-40B7-A94A-FCADF767DA61}
		{2A0D2E06-03AA-4568-AC2E-15B6D696AC5A} = {84F14C91-D01C-40B7-A94A-FCADF767DA61}
		{69CE9686-6547-4DB0-9853-3FD4361D408A} = {84F14C91-D01C-40B7-A94A-FCADF767DA61}
		{0650E421-9A39-4175-BA0C-5B400F2B249D} = {84F14C91-D01C-40B7-A94A-FCADF767DA61}
		{D408BEA7-1394-404F-9464-37B0635E9312} = {84F14C91-D01C-40B7-A94A-FCADF767DA61}
		{EB246D78-23D2-4A7F-878B-C4B125939E41} = {DEDB9497-1085-433C-9F13-46BF02D71D3B}
		{412B87F7-B4BD-467E-8513-8CD0EB165864} = {DEDB9497-1085-433C-9F13-46BF02D71D3B}
		{41BF7872-AC94-490F-8EF2-4817D5DEC179} = {DEDB9497-1085-433C-9F13-46BF02D71D3B}
		{D20F1CF6-0653-48AD-BEB0-18AF86B7D3DB} = {DEDB9497-1085-433C-9F13-46BF02D71D3B}
	EndGlobalSection
	GlobalSection(ExtensibilityGlobals) = postSolution
		SolutionGuid = {2BEC0104-620A-444E-BC40-9BAE322DD9C7}
	EndGlobalSection
EndGlobal
